// !$*UTF8*$!
{
	archiveVersion = 1;
	classes = {
	};
	objectVersion = 56;
	objects = {

/* Begin PBXBuildFile section */
		5E7BD71D2B8E407200E5930C /* AppDelegate.swift in Sources */ = {isa = PBXBuildFile; fileRef = 5E7BD71C2B8E407200E5930C /* AppDelegate.swift */; };
		5E7BD71F2B8E407200E5930C /* SceneDelegate.swift in Sources */ = {isa = PBXBuildFile; fileRef = 5E7BD71E2B8E407200E5930C /* SceneDelegate.swift */; };
		5E7BD7212B8E407200E5930C /* TripsVC.swift in Sources */ = {isa = PBXBuildFile; fileRef = 5E7BD7202B8E407200E5930C /* TripsVC.swift */; };
		5E7BD7242B8E407200E5930C /* Main.storyboard in Resources */ = {isa = PBXBuildFile; fileRef = 5E7BD7222B8E407200E5930C /* Main.storyboard */; };
		5E7BD7262B8E407600E5930C /* Assets.xcassets in Resources */ = {isa = PBXBuildFile; fileRef = 5E7BD7252B8E407600E5930C /* Assets.xcassets */; };
		5E7BD7292B8E407600E5930C /* LaunchScreen.storyboard in Resources */ = {isa = PBXBuildFile; fileRef = 5E7BD7272B8E407600E5930C /* LaunchScreen.storyboard */; };
		5E7BD7352B8E454E00E5930C /* ExploreVC.swift in Sources */ = {isa = PBXBuildFile; fileRef = 5E7BD7342B8E454E00E5930C /* ExploreVC.swift */; };
		5E7BD7372B8E457F00E5930C /* WishlistsVC.swift in Sources */ = {isa = PBXBuildFile; fileRef = 5E7BD7362B8E457F00E5930C /* WishlistsVC.swift */; };
		5E7BD7392B8E459900E5930C /* InboxVC.swift in Sources */ = {isa = PBXBuildFile; fileRef = 5E7BD7382B8E459900E5930C /* InboxVC.swift */; };
		5E7BD73B2B8E45BF00E5930C /* ProfileVC.swift in Sources */ = {isa = PBXBuildFile; fileRef = 5E7BD73A2B8E45BF00E5930C /* ProfileVC.swift */; };
/* End PBXBuildFile section */

/* Begin PBXFileReference section */
		5E7BD7192B8E407200E5930C /* Airbnb-Storyboard-Clone.app */ = {isa = PBXFileReference; explicitFileType = wrapper.application; includeInIndex = 0; path = "Airbnb-Storyboard-Clone.app"; sourceTree = BUILT_PRODUCTS_DIR; };
		5E7BD71C2B8E407200E5930C /* AppDelegate.swift */ = {isa = PBXFileReference; lastKnownFileType = sourcecode.swift; path = AppDelegate.swift; sourceTree = "<group>"; };
		5E7BD71E2B8E407200E5930C /* SceneDelegate.swift */ = {isa = PBXFileReference; lastKnownFileType = sourcecode.swift; path = SceneDelegate.swift; sourceTree = "<group>"; };
		5E7BD7202B8E407200E5930C /* TripsVC.swift */ = {isa = PBXFileReference; lastKnownFileType = sourcecode.swift; path = TripsVC.swift; sourceTree = "<group>"; };
		5E7BD7232B8E407200E5930C /* Base */ = {isa = PBXFileReference; lastKnownFileType = file.storyboard; name = Base; path = Base.lproj/Main.storyboard; sourceTree = "<group>"; };
		5E7BD7252B8E407600E5930C /* Assets.xcassets */ = {isa = PBXFileReference; lastKnownFileType = folder.assetcatalog; path = Assets.xcassets; sourceTree = "<group>"; };
		5E7BD7282B8E407600E5930C /* Base */ = {isa = PBXFileReference; lastKnownFileType = file.storyboard; name = Base; path = Base.lproj/LaunchScreen.storyboard; sourceTree = "<group>"; };
		5E7BD72A2B8E407600E5930C /* Info.plist */ = {isa = PBXFileReference; lastKnownFileType = text.plist.xml; path = Info.plist; sourceTree = "<group>"; };
		5E7BD7342B8E454E00E5930C /* ExploreVC.swift */ = {isa = PBXFileReference; lastKnownFileType = sourcecode.swift; path = ExploreVC.swift; sourceTree = "<group>"; };
		5E7BD7362B8E457F00E5930C /* WishlistsVC.swift */ = {isa = PBXFileReference; lastKnownFileType = sourcecode.swift; path = WishlistsVC.swift; sourceTree = "<group>"; };
		5E7BD7382B8E459900E5930C /* InboxVC.swift */ = {isa = PBXFileReference; lastKnownFileType = sourcecode.swift; path = InboxVC.swift; sourceTree = "<group>"; };
		5E7BD73A2B8E45BF00E5930C /* ProfileVC.swift */ = {isa = PBXFileReference; lastKnownFileType = sourcecode.swift; path = ProfileVC.swift; sourceTree = "<group>"; };
/* End PBXFileReference section */

/* Begin PBXFrameworksBuildPhase section */
		5E7BD7162B8E407200E5930C /* Frameworks */ = {
			isa = PBXFrameworksBuildPhase;
			buildActionMask = 2147483647;
			files = (
			);
			runOnlyForDeploymentPostprocessing = 0;
		};
/* End PBXFrameworksBuildPhase section */

/* Begin PBXGroup section */
		5E1AFBA22B9A220700174D52 /* Model */ = {
			isa = PBXGroup;
			children = (
			);
			path = Model;
			sourceTree = "<group>";
		};
		5E1AFBA32B9A221C00174D52 /* ViewModel */ = {
			isa = PBXGroup;
			children = (
			);
			path = ViewModel;
			sourceTree = "<group>";
		};
		5E1AFBA42B9A223D00174D52 /* MVVM */ = {
			isa = PBXGroup;
			children = (
				5E1AFBA22B9A220700174D52 /* Model */,
				5E7BD7332B8E444300E5930C /* View */,
				5E1AFBA32B9A221C00174D52 /* ViewModel */,
			);
			path = MVVM;
			sourceTree = "<group>";
		};
		5E7BD7102B8E407200E5930C = {
			isa = PBXGroup;
			children = (
				5E7BD71B2B8E407200E5930C /* Airbnb-Storyboard-Clone */,
				5E7BD71A2B8E407200E5930C /* Products */,
			);
			sourceTree = "<group>";
		};
		5E7BD71A2B8E407200E5930C /* Products */ = {
			isa = PBXGroup;
			children = (
				5E7BD7192B8E407200E5930C /* Airbnb-Storyboard-Clone.app */,
			);
			name = Products;
			sourceTree = "<group>";
		};
		5E7BD71B2B8E407200E5930C /* Airbnb-Storyboard-Clone */ = {
			isa = PBXGroup;
			children = (
				5E1AFBA42B9A223D00174D52 /* MVVM */,
				5E7BD7312B8E43CF00E5930C /* Delegates */,
				5E7BD7302B8E43BE00E5930C /* Storyboards */,
				5E7BD7322B8E443500E5930C /* Resources */,
			);
			path = "Airbnb-Storyboard-Clone";
			sourceTree = "<group>";
		};
		5E7BD7302B8E43BE00E5930C /* Storyboards */ = {
			isa = PBXGroup;
			children = (
				5E7BD7222B8E407200E5930C /* Main.storyboard */,
				5E7BD7272B8E407600E5930C /* LaunchScreen.storyboard */,
			);
			path = Storyboards;
			sourceTree = "<group>";
		};
		5E7BD7312B8E43CF00E5930C /* Delegates */ = {
			isa = PBXGroup;
			children = (
				5E7BD71C2B8E407200E5930C /* AppDelegate.swift */,
				5E7BD71E2B8E407200E5930C /* SceneDelegate.swift */,
			);
			path = Delegates;
			sourceTree = "<group>";
		};
		5E7BD7322B8E443500E5930C /* Resources */ = {
			isa = PBXGroup;
			children = (
				5E7BD7252B8E407600E5930C /* Assets.xcassets */,
				5E7BD72A2B8E407600E5930C /* Info.plist */,
			);
			path = Resources;
			sourceTree = "<group>";
		};
		5E7BD7332B8E444300E5930C /* View */ = {
			isa = PBXGroup;
			children = (
				5E7BD7342B8E454E00E5930C /* ExploreVC.swift */,
				5E7BD7362B8E457F00E5930C /* WishlistsVC.swift */,
				5E7BD7202B8E407200E5930C /* TripsVC.swift */,
				5E7BD7382B8E459900E5930C /* InboxVC.swift */,
				5E7BD73A2B8E45BF00E5930C /* ProfileVC.swift */,
			);
			path = View;
			sourceTree = "<group>";
		};
/* End PBXGroup section */

/* Begin PBXNativeTarget section */
		5E7BD7182B8E407200E5930C /* Airbnb-Storyboard-Clone */ = {
			isa = PBXNativeTarget;
			buildConfigurationList = 5E7BD72D2B8E407600E5930C /* Build configuration list for PBXNativeTarget "Airbnb-Storyboard-Clone" */;
			buildPhases = (
				5E7BD7152B8E407200E5930C /* Sources */,
				5E7BD7162B8E407200E5930C /* Frameworks */,
				5E7BD7172B8E407200E5930C /* Resources */,
			);
			buildRules = (
			);
			dependencies = (
			);
			name = "Airbnb-Storyboard-Clone";
			productName = "Airbnb-Storyboard-Clone";
			productReference = 5E7BD7192B8E407200E5930C /* Airbnb-Storyboard-Clone.app */;
			productType = "com.apple.product-type.application";
		};
/* End PBXNativeTarget section */

/* Begin PBXProject section */
		5E7BD7112B8E407200E5930C /* Project object */ = {
			isa = PBXProject;
			attributes = {
				BuildIndependentTargetsInParallel = 1;
				LastSwiftUpdateCheck = 1520;
				LastUpgradeCheck = 1520;
				TargetAttributes = {
					5E7BD7182B8E407200E5930C = {
						CreatedOnToolsVersion = 15.2;
					};
				};
			};
			buildConfigurationList = 5E7BD7142B8E407200E5930C /* Build configuration list for PBXProject "Airbnb-Storyboard-Clone" */;
			compatibilityVersion = "Xcode 14.0";
			developmentRegion = en;
			hasScannedForEncodings = 0;
			knownRegions = (
				en,
				Base,
			);
			mainGroup = 5E7BD7102B8E407200E5930C;
			productRefGroup = 5E7BD71A2B8E407200E5930C /* Products */;
			projectDirPath = "";
			projectRoot = "";
			targets = (
				5E7BD7182B8E407200E5930C /* Airbnb-Storyboard-Clone */,
			);
		};
/* End PBXProject section */

/* Begin PBXResourcesBuildPhase section */
		5E7BD7172B8E407200E5930C /* Resources */ = {
			isa = PBXResourcesBuildPhase;
			buildActionMask = 2147483647;
			files = (
				5E7BD7292B8E407600E5930C /* LaunchScreen.storyboard in Resources */,
				5E7BD7262B8E407600E5930C /* Assets.xcassets in Resources */,
				5E7BD7242B8E407200E5930C /* Main.storyboard in Resources */,
			);
			runOnlyForDeploymentPostprocessing = 0;
		};
/* End PBXResourcesBuildPhase section */

/* Begin PBXSourcesBuildPhase section */
		5E7BD7152B8E407200E5930C /* Sources */ = {
			isa = PBXSourcesBuildPhase;
			buildActionMask = 2147483647;
			files = (
				5E7BD7372B8E457F00E5930C /* WishlistsVC.swift in Sources */,
				5E7BD7212B8E407200E5930C /* TripsVC.swift in Sources */,
				5E7BD73B2B8E45BF00E5930C /* ProfileVC.swift in Sources */,
				5E7BD71D2B8E407200E5930C /* AppDelegate.swift in Sources */,
				5E7BD7392B8E459900E5930C /* InboxVC.swift in Sources */,
				5E7BD7352B8E454E00E5930C /* ExploreVC.swift in Sources */,
				5E7BD71F2B8E407200E5930C /* SceneDelegate.swift in Sources */,
			);
			runOnlyForDeploymentPostprocessing = 0;
		};
/* End PBXSourcesBuildPhase section */

/* Begin PBXVariantGroup section */
		5E7BD7222B8E407200E5930C /* Main.storyboard */ = {
			isa = PBXVariantGroup;
			children = (
				5E7BD7232B8E407200E5930C /* Base */,
			);
			name = Main.storyboard;
			sourceTree = "<group>";
		};
		5E7BD7272B8E407600E5930C /* LaunchScreen.storyboard */ = {
			isa = PBXVariantGroup;
			children = (
				5E7BD7282B8E407600E5930C /* Base */,
			);
			name = LaunchScreen.storyboard;
			sourceTree = "<group>";
		};
/* End PBXVariantGroup section */

/* Begin XCBuildConfiguration section */
		5E7BD72B2B8E407600E5930C /* Debug */ = {
			isa = XCBuildConfiguration;
			buildSettings = {
				ALWAYS_SEARCH_USER_PATHS = NO;
				ASSETCATALOG_COMPILER_GENERATE_SWIFT_ASSET_SYMBOL_EXTENSIONS = YES;
				CLANG_ANALYZER_NONNULL = YES;
				CLANG_ANALYZER_NUMBER_OBJECT_CONVERSION = YES_AGGRESSIVE;
				CLANG_CXX_LANGUAGE_STANDARD = "gnu++20";
				CLANG_ENABLE_MODULES = YES;
				CLANG_ENABLE_OBJC_ARC = YES;
				CLANG_ENABLE_OBJC_WEAK = YES;
				CLANG_WARN_BLOCK_CAPTURE_AUTORELEASING = YES;
				CLANG_WARN_BOOL_CONVERSION = YES;
				CLANG_WARN_COMMA = YES;
				CLANG_WARN_CONSTANT_CONVERSION = YES;
				CLANG_WARN_DEPRECATED_OBJC_IMPLEMENTATIONS = YES;
				CLANG_WARN_DIRECT_OBJC_ISA_USAGE = YES_ERROR;
				CLANG_WARN_DOCUMENTATION_COMMENTS = YES;
				CLANG_WARN_EMPTY_BODY = YES;
				CLANG_WARN_ENUM_CONVERSION = YES;
				CLANG_WARN_INFINITE_RECURSION = YES;
				CLANG_WARN_INT_CONVERSION = YES;
				CLANG_WARN_NON_LITERAL_NULL_CONVERSION = YES;
				CLANG_WARN_OBJC_IMPLICIT_RETAIN_SELF = YES;
				CLANG_WARN_OBJC_LITERAL_CONVERSION = YES;
				CLANG_WARN_OBJC_ROOT_CLASS = YES_ERROR;
				CLANG_WARN_QUOTED_INCLUDE_IN_FRAMEWORK_HEADER = YES;
				CLANG_WARN_RANGE_LOOP_ANALYSIS = YES;
				CLANG_WARN_STRICT_PROTOTYPES = YES;
				CLANG_WARN_SUSPICIOUS_MOVE = YES;
				CLANG_WARN_UNGUARDED_AVAILABILITY = YES_AGGRESSIVE;
				CLANG_WARN_UNREACHABLE_CODE = YES;
				CLANG_WARN__DUPLICATE_METHOD_MATCH = YES;
				COPY_PHASE_STRIP = NO;
				DEBUG_INFORMATION_FORMAT = dwarf;
				ENABLE_STRICT_OBJC_MSGSEND = YES;
				ENABLE_TESTABILITY = YES;
				ENABLE_USER_SCRIPT_SANDBOXING = YES;
				GCC_C_LANGUAGE_STANDARD = gnu17;
				GCC_DYNAMIC_NO_PIC = NO;
				GCC_NO_COMMON_BLOCKS = YES;
				GCC_OPTIMIZATION_LEVEL = 0;
				GCC_PREPROCESSOR_DEFINITIONS = (
					"DEBUG=1",
					"$(inherited)",
				);
				GCC_WARN_64_TO_32_BIT_CONVERSION = YES;
				GCC_WARN_ABOUT_RETURN_TYPE = YES_ERROR;
				GCC_WARN_UNDECLARED_SELECTOR = YES;
				GCC_WARN_UNINITIALIZED_AUTOS = YES_AGGRESSIVE;
				GCC_WARN_UNUSED_FUNCTION = YES;
				GCC_WARN_UNUSED_VARIABLE = YES;
				IPHONEOS_DEPLOYMENT_TARGET = 17.2;
				LOCALIZATION_PREFERS_STRING_CATALOGS = YES;
				MTL_ENABLE_DEBUG_INFO = INCLUDE_SOURCE;
				MTL_FAST_MATH = YES;
				ONLY_ACTIVE_ARCH = YES;
				SDKROOT = iphoneos;
				SWIFT_ACTIVE_COMPILATION_CONDITIONS = "DEBUG $(inherited)";
				SWIFT_OPTIMIZATION_LEVEL = "-Onone";
			};
			name = Debug;
		};
		5E7BD72C2B8E407600E5930C /* Release */ = {
			isa = XCBuildConfiguration;
			buildSettings = {
				ALWAYS_SEARCH_USER_PATHS = NO;
				ASSETCATALOG_COMPILER_GENERATE_SWIFT_ASSET_SYMBOL_EXTENSIONS = YES;
				CLANG_ANALYZER_NONNULL = YES;
				CLANG_ANALYZER_NUMBER_OBJECT_CONVERSION = YES_AGGRESSIVE;
				CLANG_CXX_LANGUAGE_STANDARD = "gnu++20";
				CLANG_ENABLE_MODULES = YES;
				CLANG_ENABLE_OBJC_ARC = YES;
				CLANG_ENABLE_OBJC_WEAK = YES;
				CLANG_WARN_BLOCK_CAPTURE_AUTORELEASING = YES;
				CLANG_WARN_BOOL_CONVERSION = YES;
				CLANG_WARN_COMMA = YES;
				CLANG_WARN_CONSTANT_CONVERSION = YES;
				CLANG_WARN_DEPRECATED_OBJC_IMPLEMENTATIONS = YES;
				CLANG_WARN_DIRECT_OBJC_ISA_USAGE = YES_ERROR;
				CLANG_WARN_DOCUMENTATION_COMMENTS = YES;
				CLANG_WARN_EMPTY_BODY = YES;
				CLANG_WARN_ENUM_CONVERSION = YES;
				CLANG_WARN_INFINITE_RECURSION = YES;
				CLANG_WARN_INT_CONVERSION = YES;
				CLANG_WARN_NON_LITERAL_NULL_CONVERSION = YES;
				CLANG_WARN_OBJC_IMPLICIT_RETAIN_SELF = YES;
				CLANG_WARN_OBJC_LITERAL_CONVERSION = YES;
				CLANG_WARN_OBJC_ROOT_CLASS = YES_ERROR;
				CLANG_WARN_QUOTED_INCLUDE_IN_FRAMEWORK_HEADER = YES;
				CLANG_WARN_RANGE_LOOP_ANALYSIS = YES;
				CLANG_WARN_STRICT_PROTOTYPES = YES;
				CLANG_WARN_SUSPICIOUS_MOVE = YES;
				CLANG_WARN_UNGUARDED_AVAILABILITY = YES_AGGRESSIVE;
				CLANG_WARN_UNREACHABLE_CODE = YES;
				CLANG_WARN__DUPLICATE_METHOD_MATCH = YES;
				COPY_PHASE_STRIP = NO;
				DEBUG_INFORMATION_FORMAT = "dwarf-with-dsym";
				ENABLE_NS_ASSERTIONS = NO;
				ENABLE_STRICT_OBJC_MSGSEND = YES;
				ENABLE_USER_SCRIPT_SANDBOXING = YES;
				GCC_C_LANGUAGE_STANDARD = gnu17;
				GCC_NO_COMMON_BLOCKS = YES;
				GCC_WARN_64_TO_32_BIT_CONVERSION = YES;
				GCC_WARN_ABOUT_RETURN_TYPE = YES_ERROR;
				GCC_WARN_UNDECLARED_SELECTOR = YES;
				GCC_WARN_UNINITIALIZED_AUTOS = YES_AGGRESSIVE;
				GCC_WARN_UNUSED_FUNCTION = YES;
				GCC_WARN_UNUSED_VARIABLE = YES;
				IPHONEOS_DEPLOYMENT_TARGET = 17.2;
				LOCALIZATION_PREFERS_STRING_CATALOGS = YES;
				MTL_ENABLE_DEBUG_INFO = NO;
				MTL_FAST_MATH = YES;
				SDKROOT = iphoneos;
				SWIFT_COMPILATION_MODE = wholemodule;
				VALIDATE_PRODUCT = YES;
			};
			name = Release;
		};
		5E7BD72E2B8E407600E5930C /* Debug */ = {
			isa = XCBuildConfiguration;
			buildSettings = {
				ASSETCATALOG_COMPILER_APPICON_NAME = AppIcon;
				ASSETCATALOG_COMPILER_GLOBAL_ACCENT_COLOR_NAME = AccentColor;
				CODE_SIGN_STYLE = Automatic;
				CURRENT_PROJECT_VERSION = 1;
				DEVELOPMENT_TEAM = Q56Y866QH3;
				GENERATE_INFOPLIST_FILE = YES;
				INFOPLIST_FILE = "Airbnb-Storyboard-Clone/Resources/Info.plist";
				INFOPLIST_KEY_CFBundleDisplayName = Airbnb;
				INFOPLIST_KEY_UIApplicationSupportsIndirectInputEvents = YES;
				INFOPLIST_KEY_UILaunchStoryboardName = LaunchScreen;
				INFOPLIST_KEY_UIMainStoryboardFile = Main;
				INFOPLIST_KEY_UISupportedInterfaceOrientations = UIInterfaceOrientationPortrait;
				IPHONEOS_DEPLOYMENT_TARGET = 16.0;
				LD_RUNPATH_SEARCH_PATHS = (
					"$(inherited)",
					"@executable_path/Frameworks",
				);
				MARKETING_VERSION = 1.0;
				PRODUCT_BUNDLE_IDENTIFIER = "swantan.Airbnb-Storyboard-Clone";
				PRODUCT_NAME = "$(TARGET_NAME)";
				SWIFT_EMIT_LOC_STRINGS = YES;
				SWIFT_VERSION = 5.0;
				TARGETED_DEVICE_FAMILY = 1;
			};
			name = Debug;
		};
		5E7BD72F2B8E407600E5930C /* Release */ = {
			isa = XCBuildConfiguration;
			buildSettings = {
				ASSETCATALOG_COMPILER_APPICON_NAME = AppIcon;
				ASSETCATALOG_COMPILER_GLOBAL_ACCENT_COLOR_NAME = AccentColor;
				CODE_SIGN_STYLE = Automatic;
				CURRENT_PROJECT_VERSION = 1;
				DEVELOPMENT_TEAM = Q56Y866QH3;
				GENERATE_INFOPLIST_FILE = YES;
				INFOPLIST_FILE = "Airbnb-Storyboard-Clone/Resources/Info.plist";
				INFOPLIST_KEY_CFBundleDisplayName = Airbnb;
				INFOPLIST_KEY_UIApplicationSupportsIndirectInputEvents = YES;
				INFOPLIST_KEY_UILaunchStoryboardName = LaunchScreen;
				INFOPLIST_KEY_UIMainStoryboardFile = Main;
				INFOPLIST_KEY_UISupportedInterfaceOrientations = UIInterfaceOrientationPortrait;
				IPHONEOS_DEPLOYMENT_TARGET = 16.0;
				LD_RUNPATH_SEARCH_PATHS = (
					"$(inherited)",
					"@executable_path/Frameworks",
				);
				MARKETING_VERSION = 1.0;
				PRODUCT_BUNDLE_IDENTIFIER = "swantan.Airbnb-Storyboard-Clone";
				PRODUCT_NAME = "$(TARGET_NAME)";
				SWIFT_EMIT_LOC_STRINGS = YES;
				SWIFT_VERSION = 5.0;
				TARGETED_DEVICE_FAMILY = 1;
			};
			name = Release;
		};
/* End XCBuildConfiguration section */

/* Begin XCConfigurationList section */
		5E7BD7142B8E407200E5930C /* Build configuration list for PBXProject "Airbnb-Storyboard-Clone" */ = {
			isa = XCConfigurationList;
			buildConfigurations = (
				5E7BD72B2B8E407600E5930C /* Debug */,
				5E7BD72C2B8E407600E5930C /* Release */,
			);
			defaultConfigurationIsVisible = 0;
			defaultConfigurationName = Release;
		};
		5E7BD72D2B8E407600E5930C /* Build configuration list for PBXNativeTarget "Airbnb-Storyboard-Clone" */ = {
			isa = XCConfigurationList;
			buildConfigurations = (
				5E7BD72E2B8E407600E5930C /* Debug */,
				5E7BD72F2B8E407600E5930C /* Release */,
			);
			defaultConfigurationIsVisible = 0;
			defaultConfigurationName = Release;
		};
/* End XCConfigurationList section */
	};
	rootObject = 5E7BD7112B8E407200E5930C /* Project object */;
}
